
Microsoft Visual Studio Solution File, Format Version 12.00
# Visual Studio Version 17
VisualStudioVersion = 17.10.35004.147
MinimumVisualStudioVersion = 10.0.40219.1
Project("{FAE04EC0-301F-11D3-BF4B-00C04F79EFBC}") = "LetHeirsReign_NativeModloader", "LetHeirsReign_NativeModloader\LetHeirsReign_NativeModloader.csproj", "{1587B51E-E6E8-4078-8F01-ED37A0CFFB75}"
EndProject
Global
	GlobalSection(SolutionConfigurationPlatforms) = preSolution
		Debug|Any CPU = Debug|Any CPU
		Release|Any CPU = Release|Any CPU
	EndGlobalSection
	GlobalSection(ProjectConfigurationPlatforms) = postSolution
		{1587B51E-E6E8-4078-8F01-ED37A0CFFB75}.Debug|Any CPU.ActiveCfg = Debug|Any CPU
		{1587B51E-E6E8-4078-8F01-ED37A0CFFB75}.Debug|Any CPU.Build.0 = Debug|Any CPU
		{1587B51E-E6E8-4078-8F01-ED37A0CFFB75}.Release|Any CPU.ActiveCfg = Release|Any CPU
		{1587B51E-E6E8-4078-8F01-ED37A0CFFB75}.Release|Any CPU.Build.0 = Release|Any CPU
	EndGlobalSection
	GlobalSection(SolutionProperties) = preSolution
		HideSolutionNode = FALSE
	EndGlobalSection
	GlobalSection(ExtensibilityGlobals) = postSolution
		SolutionGuid = {A4D1DBAE-3E88-4ABB-A263-899CDA3C1F4E}
	EndGlobalSection
EndGlobal
